{
  "version": 4,
  "terraform_version": "1.3.7",
  "serial": 21,
  "lineage": "0e2cc2a6-3bf6-a445-dc04-84a5a2b94c54",
  "outputs": {},
  "resources": [
    {
      "mode": "managed",
      "type": "azurerm_resource_group",
      "name": "rgfs",
      "provider": "provider[\"registry.terraform.io/hashicorp/azurerm\"]",
      "instances": [
        {
          "schema_version": 0,
          "attributes": {
            "id": "/subscriptions/214be358-e4cb-434f-b300-aceef5abd2f3/resourceGroups/RG-FS",
            "location": "northeurope",
            "managed_by": "",
            "name": "RG-FS",
            "tags": null,
            "timeouts": null
          },
          "sensitive_attributes": [],
          "private": "eyJlMmJmYjczMC1lY2FhLTExZTYtOGY4OC0zNDM2M2JjN2M0YzAiOnsiY3JlYXRlIjo1NDAwMDAwMDAwMDAwLCJkZWxldGUiOjU0MDAwMDAwMDAwMDAsInJlYWQiOjMwMDAwMDAwMDAwMCwidXBkYXRlIjo1NDAwMDAwMDAwMDAwfX0="
        }
      ]
    },
    {
      "mode": "managed",
      "type": "azurerm_service_plan",
      "name": "aspfs",
      "provider": "provider[\"registry.terraform.io/hashicorp/azurerm\"]",
      "instances": [
        {
          "schema_version": 1,
          "attributes": {
            "app_service_environment_id": "",
            "id": "/subscriptions/214be358-e4cb-434f-b300-aceef5abd2f3/resourceGroups/RG-FS/providers/Microsoft.Web/serverFarms/ASP-FS",
            "kind": "app",
            "location": "northeurope",
            "maximum_elastic_worker_count": 1,
            "name": "ASP-FS",
            "os_type": "Windows",
            "per_site_scaling_enabled": false,
            "reserved": false,
            "resource_group_name": "RG-FS",
            "sku_name": "B1",
            "tags": null,
            "timeouts": null,
            "worker_count": 1,
            "zone_balancing_enabled": false
          },
          "sensitive_attributes": [],
          "private": "eyJlMmJmYjczMC1lY2FhLTExZTYtOGY4OC0zNDM2M2JjN2M0YzAiOnsiY3JlYXRlIjozNjAwMDAwMDAwMDAwLCJkZWxldGUiOjM2MDAwMDAwMDAwMDAsInJlYWQiOjMwMDAwMDAwMDAwMCwidXBkYXRlIjozNjAwMDAwMDAwMDAwfSwic2NoZW1hX3ZlcnNpb24iOiIxIn0=",
          "dependencies": [
            "azurerm_resource_group.rgfs"
          ]
        }
      ]
    },
    {
      "mode": "managed",
      "type": "azurerm_windows_web_app",
      "name": "awwafs",
      "provider": "provider[\"registry.terraform.io/hashicorp/azurerm\"]",
      "instances": [
        {
          "schema_version": 1,
          "attributes": {
            "app_settings": null,
            "auth_settings": [],
            "auth_settings_v2": [],
            "backup": [],
            "client_affinity_enabled": false,
            "client_certificate_enabled": false,
            "client_certificate_exclusion_paths": "",
            "client_certificate_mode": "Required",
            "connection_string": [],
            "custom_domain_verification_id": "6EF228F85CB2DBB96618654C25B01B1B59D8F9004F04DB6C5BB665BB1C16AE45",
            "default_hostname": "gymfitbulgaria.azurewebsites.net",
            "enabled": true,
            "ftp_publish_basic_authentication_enabled": true,
            "hosting_environment_id": "",
            "https_only": false,
            "id": "/subscriptions/214be358-e4cb-434f-b300-aceef5abd2f3/resourceGroups/RG-FS/providers/Microsoft.Web/sites/gymfitbulgaria",
            "identity": [],
            "key_vault_reference_identity_id": "SystemAssigned",
            "kind": "app",
            "location": "northeurope",
            "logs": [],
            "name": "gymfitbulgaria",
            "outbound_ip_address_list": [
              "52.158.113.75",
              "52.158.113.102",
              "52.158.113.104",
              "52.158.112.249",
              "52.158.113.107",
              "52.158.113.126",
              "20.50.64.17"
            ],
            "outbound_ip_addresses": "52.158.113.75,52.158.113.102,52.158.113.104,52.158.112.249,52.158.113.107,52.158.113.126,20.50.64.17",
            "possible_outbound_ip_address_list": [
              "52.158.113.75",
              "52.158.113.102",
              "52.158.113.104",
              "52.158.112.249",
              "52.158.113.107",
              "52.158.113.126",
              "52.158.113.131",
              "52.158.113.132",
              "52.158.113.158",
              "52.158.113.192",
              "52.158.113.212",
              "52.158.113.218",
              "52.158.113.245",
              "52.142.86.150",
              "52.158.113.248",
              "52.158.114.69",
              "52.158.114.89",
              "52.158.114.93",
              "52.158.114.102",
              "52.158.114.164",
              "52.158.114.181",
              "52.158.114.185",
              "52.158.114.214",
              "20.191.50.251",
              "20.191.53.152",
              "20.191.53.203",
              "51.104.138.10",
              "20.67.179.98",
              "20.82.208.177",
              "20.82.208.205",
              "20.50.64.17"
            ],
            "possible_outbound_ip_addresses": "52.158.113.75,52.158.113.102,52.158.113.104,52.158.112.249,52.158.113.107,52.158.113.126,52.158.113.131,52.158.113.132,52.158.113.158,52.158.113.192,52.158.113.212,52.158.113.218,52.158.113.245,52.142.86.150,52.158.113.248,52.158.114.69,52.158.114.89,52.158.114.93,52.158.114.102,52.158.114.164,52.158.114.181,52.158.114.185,52.158.114.214,20.191.50.251,20.191.53.152,20.191.53.203,51.104.138.10,20.67.179.98,20.82.208.177,20.82.208.205,20.50.64.17",
            "public_network_access_enabled": true,
            "resource_group_name": "RG-FS",
            "service_plan_id": "/subscriptions/214be358-e4cb-434f-b300-aceef5abd2f3/resourceGroups/RG-FS/providers/Microsoft.Web/serverFarms/ASP-FS",
            "site_config": [
              {
                "always_on": false,
                "api_definition_url": "",
                "api_management_api_id": "",
                "app_command_line": "",
                "application_stack": [
                  {
                    "current_stack": "node",
                    "docker_container_name": "",
                    "docker_container_registry": "",
                    "docker_container_tag": "",
                    "docker_image_name": "",
                    "docker_registry_password": "",
                    "docker_registry_url": "",
                    "docker_registry_username": "",
                    "dotnet_core_version": "",
                    "dotnet_version": "v4.0",
                    "java_container": "",
                    "java_container_version": "",
                    "java_embedded_server_enabled": false,
                    "java_version": "",
                    "node_version": "~20",
                    "php_version": "5.6",
                    "python": false,
                    "python_version": "",
                    "tomcat_version": ""
                  }
                ],
                "auto_heal_enabled": false,
                "auto_heal_setting": [],
                "container_registry_managed_identity_client_id": "",
                "container_registry_use_managed_identity": false,
                "cors": [],
                "default_documents": [
                  "Default.htm",
                  "Default.html",
                  "Default.asp",
                  "index.htm",
                  "index.html",
                  "iisstart.htm",
                  "default.aspx",
                  "index.php",
                  "hostingstart.html"
                ],
                "detailed_error_logging_enabled": false,
                "ftps_state": "Disabled",
                "handler_mapping": [],
                "health_check_eviction_time_in_min": 0,
                "health_check_path": "",
                "http2_enabled": false,
                "ip_restriction": [],
                "ip_restriction_default_action": "Allow",
                "linux_fx_version": "",
                "load_balancing_mode": "LeastRequests",
                "local_mysql_enabled": false,
                "managed_pipeline_mode": "Integrated",
                "minimum_tls_version": "1.2",
                "remote_debugging_enabled": false,
                "remote_debugging_version": "VS2022",
                "scm_ip_restriction": [],
                "scm_ip_restriction_default_action": "Allow",
                "scm_minimum_tls_version": "1.2",
                "scm_type": "None",
                "scm_use_main_ip_restriction": false,
                "use_32_bit_worker": true,
                "virtual_application": [],
                "vnet_route_all_enabled": false,
                "websockets_enabled": false,
                "windows_fx_version": "",
                "worker_count": 1
              }
            ],
            "site_credential": [
              {
                "name": "$gymfitbulgaria",
                "password": "AgsgKa7EPWzmA2geKsciptEtZ52nZbhQhdQtDSYYfJsXNCGowyrdQyqYGrNR"
              }
            ],
            "sticky_settings": [],
            "storage_account": [],
            "tags": null,
            "timeouts": null,
            "virtual_network_subnet_id": "",
            "webdeploy_publish_basic_authentication_enabled": true,
            "zip_deploy_file": ""
          },
          "sensitive_attributes": [],
          "private": "eyJlMmJmYjczMC1lY2FhLTExZTYtOGY4OC0zNDM2M2JjN2M0YzAiOnsiY3JlYXRlIjoxODAwMDAwMDAwMDAwLCJkZWxldGUiOjE4MDAwMDAwMDAwMDAsInJlYWQiOjMwMDAwMDAwMDAwMCwidXBkYXRlIjoxODAwMDAwMDAwMDAwfSwic2NoZW1hX3ZlcnNpb24iOiIxIn0=",
          "dependencies": [
            "azurerm_resource_group.rgfs",
            "azurerm_service_plan.aspfs"
          ]
        }
      ]
    }
  ],
  "check_results": null
}
